
Microsoft Visual Studio Solution File, Format Version 12.00
# Visual Studio Version 16
VisualStudioVersion = 16.0.30114.105
MinimumVisualStudioVersion = 10.0.40219.1
Project("{2150E333-8FDC-42A3-9474-1A3956D46DE8}") = "packages", "packages", "{9E3664F8-64B7-4F2B-9DBD-15622B969472}"
EndProject
Project("{2150E333-8FDC-42A3-9474-1A3956D46DE8}") = "core", "core", "{812774C4-4865-4F40-B883-AE388C4C2543}"
EndProject
Project("{2150E333-8FDC-42A3-9474-1A3956D46DE8}") = "src", "src", "{D0F86594-2F89-414E-87F5-E9CC0215F68F}"
EndProject
Project("{F2A71F9B-5D33-465A-A702-920D77279786}") = "Frostleaf.Cli", "packages\core\src\Frostleaf.Cli\Frostleaf.Cli.fsproj", "{355F4EEE-2E52-403E-8ADB-A52553740CA1}"
EndProject
Project("{F2A71F9B-5D33-465A-A702-920D77279786}") = "Frostleaf.Core", "packages\core\src\Frostleaf.Core\Frostleaf.Core.fsproj", "{FDEC797D-09E7-4ED4-8DC5-FBCC4FDC9FBF}"
EndProject
Project("{F2A71F9B-5D33-465A-A702-920D77279786}") = "test", "packages\core\test\test.fsproj", "{45E67445-E8AE-41D9-9253-62F5EF7237FA}"
EndProject
Global
	GlobalSection(SolutionConfigurationPlatforms) = preSolution
		Debug|Any CPU = Debug|Any CPU
		Release|Any CPU = Release|Any CPU
	EndGlobalSection
	GlobalSection(SolutionProperties) = preSolution
		HideSolutionNode = FALSE
	EndGlobalSection
	GlobalSection(ProjectConfigurationPlatforms) = postSolution
		{355F4EEE-2E52-403E-8ADB-A52553740CA1}.Debug|Any CPU.ActiveCfg = Debug|Any CPU
		{355F4EEE-2E52-403E-8ADB-A52553740CA1}.Debug|Any CPU.Build.0 = Debug|Any CPU
		{355F4EEE-2E52-403E-8ADB-A52553740CA1}.Release|Any CPU.ActiveCfg = Release|Any CPU
		{355F4EEE-2E52-403E-8ADB-A52553740CA1}.Release|Any CPU.Build.0 = Release|Any CPU
		{FDEC797D-09E7-4ED4-8DC5-FBCC4FDC9FBF}.Debug|Any CPU.ActiveCfg = Debug|Any CPU
		{FDEC797D-09E7-4ED4-8DC5-FBCC4FDC9FBF}.Debug|Any CPU.Build.0 = Debug|Any CPU
		{FDEC797D-09E7-4ED4-8DC5-FBCC4FDC9FBF}.Release|Any CPU.ActiveCfg = Release|Any CPU
		{FDEC797D-09E7-4ED4-8DC5-FBCC4FDC9FBF}.Release|Any CPU.Build.0 = Release|Any CPU
		{45E67445-E8AE-41D9-9253-62F5EF7237FA}.Debug|Any CPU.ActiveCfg = Debug|Any CPU
		{45E67445-E8AE-41D9-9253-62F5EF7237FA}.Debug|Any CPU.Build.0 = Debug|Any CPU
		{45E67445-E8AE-41D9-9253-62F5EF7237FA}.Release|Any CPU.ActiveCfg = Release|Any CPU
		{45E67445-E8AE-41D9-9253-62F5EF7237FA}.Release|Any CPU.Build.0 = Release|Any CPU
	EndGlobalSection
	GlobalSection(NestedProjects) = preSolution
		{812774C4-4865-4F40-B883-AE388C4C2543} = {9E3664F8-64B7-4F2B-9DBD-15622B969472}
		{D0F86594-2F89-414E-87F5-E9CC0215F68F} = {812774C4-4865-4F40-B883-AE388C4C2543}
		{355F4EEE-2E52-403E-8ADB-A52553740CA1} = {D0F86594-2F89-414E-87F5-E9CC0215F68F}
		{FDEC797D-09E7-4ED4-8DC5-FBCC4FDC9FBF} = {D0F86594-2F89-414E-87F5-E9CC0215F68F}
		{45E67445-E8AE-41D9-9253-62F5EF7237FA} = {812774C4-4865-4F40-B883-AE388C4C2543}
	EndGlobalSection
EndGlobal
