
Microsoft Visual Studio Solution File, Format Version 12.00
# Visual Studio Version 16
VisualStudioVersion = 16.0.30114.105
MinimumVisualStudioVersion = 10.0.40219.1
Project("{2150E333-8FDC-42A3-9474-1A3956D46DE8}") = "packages", "packages", "{E8F58A0B-9A7F-4EA2-A72C-AF723C43A309}"
EndProject
Project("{2150E333-8FDC-42A3-9474-1A3956D46DE8}") = "core", "core", "{C4D487D9-FB8C-4982-9713-39E5DABEF982}"
EndProject
Project("{F2A71F9B-5D33-465A-A702-920D77279786}") = "test", "packages\core\test\test.fsproj", "{27258E7F-DBBA-4B5E-90A0-31CB5DBE9939}"
EndProject
Project("{F2A71F9B-5D33-465A-A702-920D77279786}") = "Frostleaf.Core", "packages\core\src\Frostleaf.Core.fsproj", "{4BB89F9C-FAD8-45D6-A34F-58CDF196642F}"
EndProject
Global
	GlobalSection(SolutionConfigurationPlatforms) = preSolution
		Debug|Any CPU = Debug|Any CPU
		Release|Any CPU = Release|Any CPU
	EndGlobalSection
	GlobalSection(SolutionProperties) = preSolution
		HideSolutionNode = FALSE
	EndGlobalSection
	GlobalSection(ProjectConfigurationPlatforms) = postSolution
		{27258E7F-DBBA-4B5E-90A0-31CB5DBE9939}.Debug|Any CPU.ActiveCfg = Debug|Any CPU
		{27258E7F-DBBA-4B5E-90A0-31CB5DBE9939}.Debug|Any CPU.Build.0 = Debug|Any CPU
		{27258E7F-DBBA-4B5E-90A0-31CB5DBE9939}.Release|Any CPU.ActiveCfg = Release|Any CPU
		{27258E7F-DBBA-4B5E-90A0-31CB5DBE9939}.Release|Any CPU.Build.0 = Release|Any CPU
		{4BB89F9C-FAD8-45D6-A34F-58CDF196642F}.Debug|Any CPU.ActiveCfg = Debug|Any CPU
		{4BB89F9C-FAD8-45D6-A34F-58CDF196642F}.Debug|Any CPU.Build.0 = Debug|Any CPU
		{4BB89F9C-FAD8-45D6-A34F-58CDF196642F}.Release|Any CPU.ActiveCfg = Release|Any CPU
		{4BB89F9C-FAD8-45D6-A34F-58CDF196642F}.Release|Any CPU.Build.0 = Release|Any CPU
	EndGlobalSection
	GlobalSection(NestedProjects) = preSolution
		{C4D487D9-FB8C-4982-9713-39E5DABEF982} = {E8F58A0B-9A7F-4EA2-A72C-AF723C43A309}
		{27258E7F-DBBA-4B5E-90A0-31CB5DBE9939} = {C4D487D9-FB8C-4982-9713-39E5DABEF982}
		{4BB89F9C-FAD8-45D6-A34F-58CDF196642F} = {C4D487D9-FB8C-4982-9713-39E5DABEF982}
	EndGlobalSection
EndGlobal
