lockfileVersion: 5.4

importers:

  .:
    specifiers: {}

  packages/build-time:
    specifiers:
      prettier: 2.6.2
      typescript: 4.7.2
    devDependencies:
      prettier: 2.6.2
      typescript: 4.7.2

  packages/cli:
    specifiers:
      '@types/node': 17.0.36
      arg: 5.0.1
      chalk: 5.0.1
      prettier: 2.6.2
      typescript: 4.7.2
    dependencies:
      arg: 5.0.1
      chalk: 5.0.1
    devDependencies:
      '@types/node': 17.0.36
      prettier: 2.6.2
      typescript: 4.7.2

  packages/example:
    specifiers:
      '@forstleaf/cli': workspace:../cli
      '@frostleaf/build-time': workspace:../build-time
      '@types/node': 17.0.36
      prettier: 2.6.2
      typescript: 4.7.2
    devDependencies:
      '@forstleaf/cli': link:../cli
      '@frostleaf/build-time': link:../build-time
      '@types/node': 17.0.36
      prettier: 2.6.2
      typescript: 4.7.2

packages:

  /@types/node/17.0.36:
    resolution: {integrity: sha512-V3orv+ggDsWVHP99K3JlwtH20R7J4IhI1Kksgc+64q5VxgfRkQG8Ws3MFm/FZOKDYGy9feGFlZ70/HpCNe9QaA==}
    dev: true

  /arg/5.0.1:
    resolution: {integrity: sha512-e0hDa9H2Z9AwFkk2qDlwhoMYE4eToKarchkQHovNdLTCYMHZHeRjI71crOh+dio4K6u1IcwubQqo79Ga4CyAQA==}
    dev: false

  /chalk/5.0.1:
    resolution: {integrity: sha512-Fo07WOYGqMfCWHOzSXOt2CxDbC6skS/jO9ynEcmpANMoPrD+W1r1K6Vx7iNm+AQmETU1Xr2t+n8nzkV9t6xh3w==}
    engines: {node: ^12.17.0 || ^14.13 || >=16.0.0}
    dev: false

  /prettier/2.6.2:
    resolution: {integrity: sha512-PkUpF+qoXTqhOeWL9fu7As8LXsIUZ1WYaJiY/a7McAQzxjk82OF0tibkFXVCDImZtWxbvojFjerkiLb0/q8mew==}
    engines: {node: '>=10.13.0'}
    hasBin: true
    dev: true

  /typescript/4.7.2:
    resolution: {integrity: sha512-Mamb1iX2FDUpcTRzltPxgWMKy3fhg0TN378ylbktPGPK/99KbDtMQ4W1hwgsbPAsG3a0xKa1vmw4VKZQbkvz5A==}
    engines: {node: '>=4.2.0'}
    hasBin: true
    dev: true
